Microsoft Visual Studio Solution File, Format Version 12.00
# Visual Studio Version 17
VisualStudioVersion = 17.5.2.0
MinimumVisualStudioVersion = 10.0.40219.1
Project("{FAE04EC0-301F-11D3-BF4B-00C04F79EFBC}") = "FormFieldsSample", "FormFieldsSample.csproj", "{E978EE36-2EC3-ED25-5E54-9EA1D64865BE}"
EndProject
Global
	GlobalSection(SolutionConfigurationPlatforms) = preSolution
		Debug|Any CPU = Debug|Any CPU
		Release|Any CPU = Release|Any CPU
	EndGlobalSection
	GlobalSection(ProjectConfigurationPlatforms) = postSolution
		{E978EE36-2EC3-ED25-5E54-9EA1D64865BE}.Debug|Any CPU.ActiveCfg = Debug|Any CPU
		{E978EE36-2EC3-ED25-5E54-9EA1D64865BE}.Debug|Any CPU.Build.0 = Debug|Any CPU
		{E978EE36-2EC3-ED25-5E54-9EA1D64865BE}.Release|Any CPU.ActiveCfg = Release|Any CPU
		{E978EE36-2EC3-ED25-5E54-9EA1D64865BE}.Release|Any CPU.Build.0 = Release|Any CPU
	EndGlobalSection
	GlobalSection(SolutionProperties) = preSolution
		HideSolutionNode = FALSE
	EndGlobalSection
	GlobalSection(ExtensibilityGlobals) = postSolution
		SolutionGuid = {2FF51E37-BABD-4B81-BC46-45FEE18EF723}
	EndGlobalSection
EndGlobal
