Microsoft Visual Studio Solution File, Format Version 12.00
# Visual Studio Version 17
VisualStudioVersion = 17.5.2.0
MinimumVisualStudioVersion = 10.0.40219.1
Project("{FAE04EC0-301F-11D3-BF4B-00C04F79EFBC}") = "FormFieldsSample", "FormFieldsSample\FormFieldsSample.csproj", "{62B0A027-BBFE-70BE-5292-F85B401E9527}"
EndProject
Global
	GlobalSection(SolutionConfigurationPlatforms) = preSolution
		Debug|Any CPU = Debug|Any CPU
		Release|Any CPU = Release|Any CPU
	EndGlobalSection
	GlobalSection(ProjectConfigurationPlatforms) = postSolution
		{62B0A027-BBFE-70BE-5292-F85B401E9527}.Debug|Any CPU.ActiveCfg = Debug|Any CPU
		{62B0A027-BBFE-70BE-5292-F85B401E9527}.Debug|Any CPU.Build.0 = Debug|Any CPU
		{62B0A027-BBFE-70BE-5292-F85B401E9527}.Release|Any CPU.ActiveCfg = Release|Any CPU
		{62B0A027-BBFE-70BE-5292-F85B401E9527}.Release|Any CPU.Build.0 = Release|Any CPU
	EndGlobalSection
	GlobalSection(SolutionProperties) = preSolution
		HideSolutionNode = FALSE
	EndGlobalSection
	GlobalSection(ExtensibilityGlobals) = postSolution
		SolutionGuid = {8E381F02-2F19-4380-86DE-4FCD0098BE19}
	EndGlobalSection
EndGlobal
